<Solution Description="Visual Studio slnx file generated by Premake" Version="1.4">
  <Configurations>
    <BuildType Name="Debug" />
    <BuildType Name="Release" />
    <Platform Name="Win32" />
  </Configurations>
  <Project Path="Audio.vcxproj" Id="9718D90C-032D-01BE-CCAE-A41D3882FDEE">
  </Project>
  <Project Path="CLEO5.vcxproj" Id="9D46E60C-095B-0EBE-D2DC-B11D3EB00AEF">
  </Project>
  <Project Path="DebugUtils.vcxproj" Id="5D28ADD3-49E0-EE20-B2E7-C77C9EBE8911">
  </Project>
  <Project Path="FileSystemOperations.vcxproj" Id="4E4599D0-3AD4-229A-E3F2-3695CF603340">
  </Project>
  <Project Path="GameEntities.vcxproj" Id="041263F9-F074-F29D-99FA-2A54853CBE20">
  </Project>
  <Project Path="IniFiles.vcxproj" Id="18E31AE8-04B0-75F3-2DC9-639B19F5AA81">
  </Project>
  <Project Path="Input.vcxproj" Id="953A660D-014F-8EBE-CAD0-311E36A48AEF">
  </Project>
  <Project Path="Math.vcxproj" Id="AFF4887C-9B2B-8A0D-4418-7010302E060F">
  </Project>
  <Project Path="MemoryOperations.vcxproj" Id="A25884EC-8E51-A33E-B783-88C3A3DB824A">
  </Project>
  <Project Path="Text.vcxproj" Id="EADC8C7C-D613-8E0D-7F00-74106B160A0F">
  </Project>
</Solution>